
Microsoft Visual Studio Solution File, Format Version 12.00
# Visual Studio Version 17
VisualStudioVersion = 17.12.35417.141
MinimumVisualStudioVersion = 10.0.40219.1
Project("{FAE04EC0-301F-11D3-BF4B-00C04F79EFBC}") = "ProjetoFiap", "ProjetoFiap\ProjetoFiap.csproj", "{91527716-7370-4249-84E0-69649F50BB43}"
EndProject
Project("{FAE04EC0-301F-11D3-BF4B-00C04F79EFBC}") = "ViewFiapProjeto", "ViewFiapProjeto\ViewFiapProjeto.csproj", "{4E9AE0EF-77ED-4C3E-B41D-A88F81E3F460}"
EndProject
Global
	GlobalSection(SolutionConfigurationPlatforms) = preSolution
		Debug|Any CPU = Debug|Any CPU
		Release|Any CPU = Release|Any CPU
	EndGlobalSection
	GlobalSection(ProjectConfigurationPlatforms) = postSolution
		{91527716-7370-4249-84E0-69649F50BB43}.Debug|Any CPU.ActiveCfg = Debug|Any CPU
		{91527716-7370-4249-84E0-69649F50BB43}.Debug|Any CPU.Build.0 = Debug|Any CPU
		{91527716-7370-4249-84E0-69649F50BB43}.Release|Any CPU.ActiveCfg = Release|Any CPU
		{91527716-7370-4249-84E0-69649F50BB43}.Release|Any CPU.Build.0 = Release|Any CPU
		{4E9AE0EF-77ED-4C3E-B41D-A88F81E3F460}.Debug|Any CPU.ActiveCfg = Debug|Any CPU
		{4E9AE0EF-77ED-4C3E-B41D-A88F81E3F460}.Debug|Any CPU.Build.0 = Debug|Any CPU
		{4E9AE0EF-77ED-4C3E-B41D-A88F81E3F460}.Release|Any CPU.ActiveCfg = Release|Any CPU
		{4E9AE0EF-77ED-4C3E-B41D-A88F81E3F460}.Release|Any CPU.Build.0 = Release|Any CPU
	EndGlobalSection
	GlobalSection(SolutionProperties) = preSolution
		HideSolutionNode = FALSE
	EndGlobalSection
EndGlobal
